
Microsoft Visual Studio Solution File, Format Version 12.00
# Visual Studio 15
VisualStudioVersion = 15.0.26730.16
MinimumVisualStudioVersion = 10.0.40219.1
Project("{FAE04EC0-301F-11D3-BF4B-00C04F79EFBC}") = "ToysApi", "ToysApi\ToysApi.csproj", "{063ECBFF-57F5-4AB3-A7E3-D2F3A5777754}"
EndProject
Global
	GlobalSection(SolutionConfigurationPlatforms) = preSolution
		Debug|Any CPU = Debug|Any CPU
		Release|Any CPU = Release|Any CPU
	EndGlobalSection
	GlobalSection(ProjectConfigurationPlatforms) = postSolution
		{063ECBFF-57F5-4AB3-A7E3-D2F3A5777754}.Debug|Any CPU.ActiveCfg = Debug|Any CPU
		{063ECBFF-57F5-4AB3-A7E3-D2F3A5777754}.Debug|Any CPU.Build.0 = Debug|Any CPU
		{063ECBFF-57F5-4AB3-A7E3-D2F3A5777754}.Release|Any CPU.ActiveCfg = Release|Any CPU
		{063ECBFF-57F5-4AB3-A7E3-D2F3A5777754}.Release|Any CPU.Build.0 = Release|Any CPU
	EndGlobalSection
	GlobalSection(SolutionProperties) = preSolution
		HideSolutionNode = FALSE
	EndGlobalSection
	GlobalSection(ExtensibilityGlobals) = postSolution
		SolutionGuid = {A680B20F-950F-4779-B1C1-D54767F7A83B}
	EndGlobalSection
EndGlobal
